{
  "version": 4,
  "terraform_version": "1.8.5",
  "serial": 1,
  "lineage": "bb0c89af-c5d1-5335-b840-105cda08bf63",
  "outputs": {
    "ansible_inventory": {
      "value": "./../ansible/inventory/hosts",
      "type": "string"
    },
    "application_urls": {
      "value": {
        "backend": "http://192.168.56.20:5000",
        "frontend": "http://192.168.56.20:3000",
        "mongodb": "mongodb://192.168.56.20:27017"
      },
      "type": [
        "object",
        {
          "backend": "string",
          "frontend": "string",
          "mongodb": "string"
        }
      ]
    },
    "vm_ip": {
      "value": "192.168.56.20",
      "type": "string"
    },
    "vm_name": {
      "value": "yolo-stage2-vm",
      "type": "string"
    }
  },
  "resources": [
    {
      "mode": "managed",
      "type": "local_file",
      "name": "vagrantfile",
      "provider": "provider[\"registry.terraform.io/hashicorp/local\"]",
      "instances": [
        {
          "schema_version": 0,
          "attributes": {
            "content": "Vagrant.configure(\"2\") do |config|\n  config.vm.box = \"geerlingguy/ubuntu2004\"\n  config.vm.hostname = \"yolo-stage2-vm\"\n  \n  # Network configuration\n  config.vm.network \"private_network\", ip: \"192.168.56.20\"\n  config.vm.network \"forwarded_port\", guest: 3000, host: 3000\n  config.vm.network \"forwarded_port\", guest: 5000, host: 5000\n  config.vm.network \"forwarded_port\", guest: 27017, host: 27017\n  \n  # VM resources\n  config.vm.provider \"virtualbox\" do |vb|\n    vb.name = \"yolo-stage2-vm\"\n    vb.memory = \"2048\"\n    vb.cpus = 2\n  end\n  \n  # Basic provisioning\n  config.vm.provision \"shell\", inline: \u003c\u003c-SHELL\n    apt-get update\n    apt-get install -y python3 python3-pip\n    pip3 install docker docker-compose\n  SHELL\nend\n",
            "content_base64": null,
            "content_base64sha256": "0qIfaWT8MfYxxcLXnsDbsXoTwbMNycAg24ypOVWCJCg=",
            "content_base64sha512": "4JVTifouCWP/XiQh3sGGQURELZa9+eQOgEzkFvdRk97RORWbCHBwDYlPjnctAL1Y1JHjiKb3VxZuJW9mwpusqA==",
            "content_md5": "b532feedb23a8ff549bd5c4b7b8db499",
            "content_sha1": "8f098169e51e0d28077189ff10e5f00571192d07",
            "content_sha256": "d2a21f6964fc31f631c5c2d79ec0dbb17a13c1b30dc9c020db8ca93955822428",
            "content_sha512": "e0955389fa2e0963ff5e2421dec1864144442d96bdf9e40e804ce416f75193ded139159b0870700d894f8e772d00bd58d491e388a6f757166e256f66c29baca8",
            "directory_permission": "0777",
            "file_permission": "0777",
            "filename": "./Vagrantfile",
            "id": "8f098169e51e0d28077189ff10e5f00571192d07",
            "sensitive_content": null,
            "source": null
          },
          "sensitive_attributes": [
            [
              {
                "type": "get_attr",
                "value": "sensitive_content"
              }
            ]
          ]
        }
      ]
    }
  ],
  "check_results": null
}
